
Microsoft Visual Studio Solution File, Format Version 12.00
# Visual Studio Version 16
VisualStudioVersion = 25.0.1700.0
MinimumVisualStudioVersion = 10.0.40219.1
Project("{FAE04EC0-301F-11D3-BF4B-00C04F79EFBC}") = "TestBackend", "TestBackend\TestBackend.csproj", "{122C8CA9-116C-43E2-A764-5906A6B47EA8}"
EndProject
Global
	GlobalSection(SolutionConfigurationPlatforms) = preSolution
		Debug|Any CPU = Debug|Any CPU
		Release|Any CPU = Release|Any CPU
	EndGlobalSection
	GlobalSection(ProjectConfigurationPlatforms) = postSolution
		{122C8CA9-116C-43E2-A764-5906A6B47EA8}.Debug|Any CPU.ActiveCfg = Debug|Any CPU
		{122C8CA9-116C-43E2-A764-5906A6B47EA8}.Debug|Any CPU.Build.0 = Debug|Any CPU
		{122C8CA9-116C-43E2-A764-5906A6B47EA8}.Release|Any CPU.ActiveCfg = Release|Any CPU
		{122C8CA9-116C-43E2-A764-5906A6B47EA8}.Release|Any CPU.Build.0 = Release|Any CPU
	EndGlobalSection
	GlobalSection(SolutionProperties) = preSolution
		HideSolutionNode = FALSE
	EndGlobalSection
	GlobalSection(ExtensibilityGlobals) = postSolution
		SolutionGuid = {466293B6-6BC4-4C1D-B979-0655393A930D}
	EndGlobalSection
EndGlobal
